
Microsoft Visual Studio Solution File, Format Version 12.00
# Visual Studio Version 16
VisualStudioVersion = 16.0.31321.278
MinimumVisualStudioVersion = 10.0.40219.1
Project("{FAE04EC0-301F-11D3-BF4B-00C04F79EFBC}") = "MobileApp.Android", "MobileApp\MobileApp.Android\MobileApp.Android.csproj", "{2DBAB6E2-BBF1-4C5A-9A25-860FED69C0CF}"
EndProject
Project("{FAE04EC0-301F-11D3-BF4B-00C04F79EFBC}") = "MobileApp.iOS", "MobileApp\MobileApp.iOS\MobileApp.iOS.csproj", "{E1A9E040-FB3B-48BB-BBC6-7A527D444073}"
EndProject
Project("{FAE04EC0-301F-11D3-BF4B-00C04F79EFBC}") = "MobileApp", "MobileApp\MobileApp\MobileApp.csproj", "{3A64C518-6FF1-48CF-9544-CFF539C43DDA}"
EndProject
Global
	GlobalSection(SolutionConfigurationPlatforms) = preSolution
		Debug|Any CPU = Debug|Any CPU
		Debug|iPhone = Debug|iPhone
		Debug|iPhoneSimulator = Debug|iPhoneSimulator
		Release|Any CPU = Release|Any CPU
		Release|iPhone = Release|iPhone
		Release|iPhoneSimulator = Release|iPhoneSimulator
	EndGlobalSection
	GlobalSection(ProjectConfigurationPlatforms) = postSolution
		{2DBAB6E2-BBF1-4C5A-9A25-860FED69C0CF}.Debug|Any CPU.ActiveCfg = Debug|Any CPU
		{2DBAB6E2-BBF1-4C5A-9A25-860FED69C0CF}.Debug|Any CPU.Build.0 = Debug|Any CPU
		{2DBAB6E2-BBF1-4C5A-9A25-860FED69C0CF}.Debug|Any CPU.Deploy.0 = Debug|Any CPU
		{2DBAB6E2-BBF1-4C5A-9A25-860FED69C0CF}.Debug|iPhone.ActiveCfg = Debug|Any CPU
		{2DBAB6E2-BBF1-4C5A-9A25-860FED69C0CF}.Debug|iPhone.Build.0 = Debug|Any CPU
		{2DBAB6E2-BBF1-4C5A-9A25-860FED69C0CF}.Debug|iPhone.Deploy.0 = Debug|Any CPU
		{2DBAB6E2-BBF1-4C5A-9A25-860FED69C0CF}.Debug|iPhoneSimulator.ActiveCfg = Debug|Any CPU
		{2DBAB6E2-BBF1-4C5A-9A25-860FED69C0CF}.Debug|iPhoneSimulator.Build.0 = Debug|Any CPU
		{2DBAB6E2-BBF1-4C5A-9A25-860FED69C0CF}.Debug|iPhoneSimulator.Deploy.0 = Debug|Any CPU
		{2DBAB6E2-BBF1-4C5A-9A25-860FED69C0CF}.Release|Any CPU.ActiveCfg = Release|Any CPU
		{2DBAB6E2-BBF1-4C5A-9A25-860FED69C0CF}.Release|Any CPU.Build.0 = Release|Any CPU
		{2DBAB6E2-BBF1-4C5A-9A25-860FED69C0CF}.Release|Any CPU.Deploy.0 = Release|Any CPU
		{2DBAB6E2-BBF1-4C5A-9A25-860FED69C0CF}.Release|iPhone.ActiveCfg = Release|Any CPU
		{2DBAB6E2-BBF1-4C5A-9A25-860FED69C0CF}.Release|iPhone.Build.0 = Release|Any CPU
		{2DBAB6E2-BBF1-4C5A-9A25-860FED69C0CF}.Release|iPhone.Deploy.0 = Release|Any CPU
		{2DBAB6E2-BBF1-4C5A-9A25-860FED69C0CF}.Release|iPhoneSimulator.ActiveCfg = Release|Any CPU
		{2DBAB6E2-BBF1-4C5A-9A25-860FED69C0CF}.Release|iPhoneSimulator.Build.0 = Release|Any CPU
		{2DBAB6E2-BBF1-4C5A-9A25-860FED69C0CF}.Release|iPhoneSimulator.Deploy.0 = Release|Any CPU
		{E1A9E040-FB3B-48BB-BBC6-7A527D444073}.Debug|Any CPU.ActiveCfg = Debug|iPhone
		{E1A9E040-FB3B-48BB-BBC6-7A527D444073}.Debug|Any CPU.Build.0 = Debug|iPhone
		{E1A9E040-FB3B-48BB-BBC6-7A527D444073}.Debug|Any CPU.Deploy.0 = Debug|iPhone
		{E1A9E040-FB3B-48BB-BBC6-7A527D444073}.Debug|iPhone.ActiveCfg = Debug|iPhone
		{E1A9E040-FB3B-48BB-BBC6-7A527D444073}.Debug|iPhone.Build.0 = Debug|iPhone
		{E1A9E040-FB3B-48BB-BBC6-7A527D444073}.Debug|iPhone.Deploy.0 = Debug|iPhone
		{E1A9E040-FB3B-48BB-BBC6-7A527D444073}.Debug|iPhoneSimulator.ActiveCfg = Debug|iPhoneSimulator
		{E1A9E040-FB3B-48BB-BBC6-7A527D444073}.Debug|iPhoneSimulator.Build.0 = Debug|iPhoneSimulator
		{E1A9E040-FB3B-48BB-BBC6-7A527D444073}.Debug|iPhoneSimulator.Deploy.0 = Debug|iPhoneSimulator
		{E1A9E040-FB3B-48BB-BBC6-7A527D444073}.Release|Any CPU.ActiveCfg = Release|iPhoneSimulator
		{E1A9E040-FB3B-48BB-BBC6-7A527D444073}.Release|Any CPU.Build.0 = Release|iPhoneSimulator
		{E1A9E040-FB3B-48BB-BBC6-7A527D444073}.Release|Any CPU.Deploy.0 = Release|iPhoneSimulator
		{E1A9E040-FB3B-48BB-BBC6-7A527D444073}.Release|iPhone.ActiveCfg = Release|iPhone
		{E1A9E040-FB3B-48BB-BBC6-7A527D444073}.Release|iPhone.Build.0 = Release|iPhone
		{E1A9E040-FB3B-48BB-BBC6-7A527D444073}.Release|iPhone.Deploy.0 = Release|iPhone
		{E1A9E040-FB3B-48BB-BBC6-7A527D444073}.Release|iPhoneSimulator.ActiveCfg = Release|iPhoneSimulator
		{E1A9E040-FB3B-48BB-BBC6-7A527D444073}.Release|iPhoneSimulator.Build.0 = Release|iPhoneSimulator
		{E1A9E040-FB3B-48BB-BBC6-7A527D444073}.Release|iPhoneSimulator.Deploy.0 = Release|iPhoneSimulator
		{3A64C518-6FF1-48CF-9544-CFF539C43DDA}.Debug|Any CPU.ActiveCfg = Debug|Any CPU
		{3A64C518-6FF1-48CF-9544-CFF539C43DDA}.Debug|Any CPU.Build.0 = Debug|Any CPU
		{3A64C518-6FF1-48CF-9544-CFF539C43DDA}.Debug|Any CPU.Deploy.0 = Debug|Any CPU
		{3A64C518-6FF1-48CF-9544-CFF539C43DDA}.Debug|iPhone.ActiveCfg = Debug|Any CPU
		{3A64C518-6FF1-48CF-9544-CFF539C43DDA}.Debug|iPhone.Build.0 = Debug|Any CPU
		{3A64C518-6FF1-48CF-9544-CFF539C43DDA}.Debug|iPhone.Deploy.0 = Debug|Any CPU
		{3A64C518-6FF1-48CF-9544-CFF539C43DDA}.Debug|iPhoneSimulator.ActiveCfg = Debug|Any CPU
		{3A64C518-6FF1-48CF-9544-CFF539C43DDA}.Debug|iPhoneSimulator.Build.0 = Debug|Any CPU
		{3A64C518-6FF1-48CF-9544-CFF539C43DDA}.Debug|iPhoneSimulator.Deploy.0 = Debug|Any CPU
		{3A64C518-6FF1-48CF-9544-CFF539C43DDA}.Release|Any CPU.ActiveCfg = Release|Any CPU
		{3A64C518-6FF1-48CF-9544-CFF539C43DDA}.Release|Any CPU.Build.0 = Release|Any CPU
		{3A64C518-6FF1-48CF-9544-CFF539C43DDA}.Release|Any CPU.Deploy.0 = Release|Any CPU
		{3A64C518-6FF1-48CF-9544-CFF539C43DDA}.Release|iPhone.ActiveCfg = Release|Any CPU
		{3A64C518-6FF1-48CF-9544-CFF539C43DDA}.Release|iPhone.Build.0 = Release|Any CPU
		{3A64C518-6FF1-48CF-9544-CFF539C43DDA}.Release|iPhone.Deploy.0 = Release|Any CPU
		{3A64C518-6FF1-48CF-9544-CFF539C43DDA}.Release|iPhoneSimulator.ActiveCfg = Release|Any CPU
		{3A64C518-6FF1-48CF-9544-CFF539C43DDA}.Release|iPhoneSimulator.Build.0 = Release|Any CPU
		{3A64C518-6FF1-48CF-9544-CFF539C43DDA}.Release|iPhoneSimulator.Deploy.0 = Release|Any CPU
	EndGlobalSection
	GlobalSection(SolutionProperties) = preSolution
		HideSolutionNode = FALSE
	EndGlobalSection
	GlobalSection(ExtensibilityGlobals) = postSolution
		SolutionGuid = {DDD5E66A-70CA-440B-A3B8-2659F53FE5B1}
	EndGlobalSection
EndGlobal
